
Microsoft Visual Studio Solution File, Format Version 12.00
# Visual Studio Version 17
VisualStudioVersion = 17.12.35527.113
MinimumVisualStudioVersion = 10.0.40219.1
Project("{FAE04EC0-301F-11D3-BF4B-00C04F79EFBC}") = "MiniHttpServer", "MiniHttpServer.csproj", "{A10CA063-B9F3-4DCA-8CF7-9EEFBB6F9B3D}"
	ProjectSection(ProjectDependencies) = postProject
		{7B1B7394-1901-4D77-8AD6-2DF5FC33543B} = {7B1B7394-1901-4D77-8AD6-2DF5FC33543B}
	EndProjectSection
EndProject
Project("{FAE04EC0-301F-11D3-BF4B-00C04F79EFBC}") = "MiniHttpServer_Test", "..\MiniHttpServer_Test\MiniHttpServer_Test.csproj", "{84C8980E-84FB-49F2-91C0-03A86CFEFA98}"
EndProject
Project("{FAE04EC0-301F-11D3-BF4B-00C04F79EFBC}") = "MiniHttpServer.Framework", "..\MiniHttpServer.Framework\MiniHttpServer.Framework.csproj", "{7B1B7394-1901-4D77-8AD6-2DF5FC33543B}"
EndProject
Project("{FAE04EC0-301F-11D3-BF4B-00C04F79EFBC}") = "MyORMLibrary", "..\MyORMLibrary\MyORMLibrary.csproj", "{ED639785-955F-4204-8FAC-17726A29DF29}"
EndProject
Project("{FAE04EC0-301F-11D3-BF4B-00C04F79EFBC}") = "MyORMLibrary_Test", "..\MyORMLibrary_Test\MyORMLibrary_Test.csproj", "{FAABDFDA-F2CB-43C3-B151-0CBB4BDBB899}"
EndProject
Global
	GlobalSection(SolutionConfigurationPlatforms) = preSolution
		Debug|Any CPU = Debug|Any CPU
		Release|Any CPU = Release|Any CPU
	EndGlobalSection
	GlobalSection(ProjectConfigurationPlatforms) = postSolution
		{A10CA063-B9F3-4DCA-8CF7-9EEFBB6F9B3D}.Debug|Any CPU.ActiveCfg = Debug|Any CPU
		{A10CA063-B9F3-4DCA-8CF7-9EEFBB6F9B3D}.Debug|Any CPU.Build.0 = Debug|Any CPU
		{A10CA063-B9F3-4DCA-8CF7-9EEFBB6F9B3D}.Release|Any CPU.ActiveCfg = Release|Any CPU
		{A10CA063-B9F3-4DCA-8CF7-9EEFBB6F9B3D}.Release|Any CPU.Build.0 = Release|Any CPU
		{84C8980E-84FB-49F2-91C0-03A86CFEFA98}.Debug|Any CPU.ActiveCfg = Debug|Any CPU
		{84C8980E-84FB-49F2-91C0-03A86CFEFA98}.Debug|Any CPU.Build.0 = Debug|Any CPU
		{84C8980E-84FB-49F2-91C0-03A86CFEFA98}.Release|Any CPU.ActiveCfg = Release|Any CPU
		{84C8980E-84FB-49F2-91C0-03A86CFEFA98}.Release|Any CPU.Build.0 = Release|Any CPU
		{7B1B7394-1901-4D77-8AD6-2DF5FC33543B}.Debug|Any CPU.ActiveCfg = Debug|Any CPU
		{7B1B7394-1901-4D77-8AD6-2DF5FC33543B}.Debug|Any CPU.Build.0 = Debug|Any CPU
		{7B1B7394-1901-4D77-8AD6-2DF5FC33543B}.Release|Any CPU.ActiveCfg = Release|Any CPU
		{7B1B7394-1901-4D77-8AD6-2DF5FC33543B}.Release|Any CPU.Build.0 = Release|Any CPU
		{ED639785-955F-4204-8FAC-17726A29DF29}.Debug|Any CPU.ActiveCfg = Debug|Any CPU
		{ED639785-955F-4204-8FAC-17726A29DF29}.Debug|Any CPU.Build.0 = Debug|Any CPU
		{ED639785-955F-4204-8FAC-17726A29DF29}.Release|Any CPU.ActiveCfg = Release|Any CPU
		{ED639785-955F-4204-8FAC-17726A29DF29}.Release|Any CPU.Build.0 = Release|Any CPU
		{FAABDFDA-F2CB-43C3-B151-0CBB4BDBB899}.Debug|Any CPU.ActiveCfg = Debug|Any CPU
		{FAABDFDA-F2CB-43C3-B151-0CBB4BDBB899}.Debug|Any CPU.Build.0 = Debug|Any CPU
		{FAABDFDA-F2CB-43C3-B151-0CBB4BDBB899}.Release|Any CPU.ActiveCfg = Release|Any CPU
		{FAABDFDA-F2CB-43C3-B151-0CBB4BDBB899}.Release|Any CPU.Build.0 = Release|Any CPU
	EndGlobalSection
	GlobalSection(SolutionProperties) = preSolution
		HideSolutionNode = FALSE
	EndGlobalSection
EndGlobal
